
Microsoft Visual Studio Solution File, Format Version 12.00
# Visual Studio Version 17
VisualStudioVersion = 17.2.32505.173
MinimumVisualStudioVersion = 10.0.40219.1
Project("{888888A0-9F3D-457C-B088-3A5042F75D52}") = "ListarRegistro", "ListarRegistro\ListarRegistro.pyproj", "{1A7CB909-052A-4A4E-9806-E2C99369B063}"
EndProject
Global
	GlobalSection(SolutionConfigurationPlatforms) = preSolution
		Debug|Any CPU = Debug|Any CPU
		Release|Any CPU = Release|Any CPU
	EndGlobalSection
	GlobalSection(ProjectConfigurationPlatforms) = postSolution
		{1A7CB909-052A-4A4E-9806-E2C99369B063}.Debug|Any CPU.ActiveCfg = Debug|Any CPU
		{1A7CB909-052A-4A4E-9806-E2C99369B063}.Release|Any CPU.ActiveCfg = Release|Any CPU
	EndGlobalSection
	GlobalSection(SolutionProperties) = preSolution
		HideSolutionNode = FALSE
	EndGlobalSection
	GlobalSection(ExtensibilityGlobals) = postSolution
		SolutionGuid = {CA5F53AD-D6B4-4C55-8F8A-A9691BA52A6D}
	EndGlobalSection
EndGlobal
